<?xml version="1.0" encoding="utf-8"?>
<Project ToolsVersion="4.0" xmlns="http://schemas.microsoft.com/developer/msbuild/2003">
  <ItemGroup>
    <Filter Include="源文件">
      <UniqueIdentifier>{4FC737F1-C7A5-4376-A066-2A32D752A2FF}</UniqueIdentifier>
      <Extensions>cpp;c;cc;cxx;c++;cppm;ixx;def;odl;idl;hpj;bat;asm;asmx</Extensions>
    </Filter>
    <Filter Include="头文件">
      <UniqueIdentifier>{93995380-89BD-4b04-88EB-625FBE52EBFB}</UniqueIdentifier>
      <Extensions>h;hh;hpp;hxx;h++;hm;inl;inc;ipp;xsd</Extensions>
    </Filter>
    <Filter Include="资源文件">
      <UniqueIdentifier>{67DA6AB6-F800-4c08-8B7A-83BB121AAD01}</UniqueIdentifier>
      <Extensions>rc;ico;cur;bmp;dlg;rc2;rct;bin;rgs;gif;jpg;jpeg;jpe;resx;tiff;tif;png;wav;mfcribbon-ms</Extensions>
    </Filter>
  </ItemGroup>
  <ItemGroup>
    <ClCompile Include="Debug_1.cpp">
      <Filter>源文件</Filter>
    </ClCompile>
    <ClCompile Include="MiddleNum.cpp">
      <Filter>源文件</Filter>
    </ClCompile>
    <ClCompile Include="LongestCallbackSubString.cpp">
      <Filter>源文件</Filter>
    </ClCompile>
    <ClCompile Include="NWordChange.cpp">
      <Filter>源文件</Filter>
    </ClCompile>
    <ClCompile Include="7.数字反转.cpp">
      <Filter>源文件</Filter>
    </ClCompile>
    <ClCompile Include="8.提取字符串中数字.cpp">
      <Filter>源文件</Filter>
    </ClCompile>
    <ClCompile Include="9.回文数.cpp">
      <Filter>源文件</Filter>
    </ClCompile>
    <ClCompile Include="10，正则表达式匹配.cpp">
      <Filter>源文件</Filter>
    </ClCompile>
    <ClCompile Include="11，盛水最多的容器.cpp">
      <Filter>源文件</Filter>
    </ClCompile>
    <ClCompile Include="12.整数转罗马数字.cpp">
      <Filter>源文件</Filter>
    </ClCompile>
    <ClCompile Include="13.罗马数字转整数.cpp">
      <Filter>源文件</Filter>
    </ClCompile>
    <ClCompile Include="14，最长公共前缀cpp.cpp">
      <Filter>源文件</Filter>
    </ClCompile>
    <ClCompile Include="15，三数之和.cpp">
      <Filter>源文件</Filter>
    </ClCompile>
    <ClCompile Include="Common.cpp">
      <Filter>源文件</Filter>
    </ClCompile>
    <ClCompile Include="16，最接近的三数之和.cpp">
      <Filter>源文件</Filter>
    </ClCompile>
    <ClCompile Include="17，电话号码字符匹配.cpp">
      <Filter>源文件</Filter>
    </ClCompile>
    <ClCompile Include="19，删除链表第n个节点.cpp">
      <Filter>源文件</Filter>
    </ClCompile>
    <ClCompile Include="20，有效括号.cpp">
      <Filter>源文件</Filter>
    </ClCompile>
    <ClCompile Include="21，合并两个有序子列表.cpp">
      <Filter>源文件</Filter>
    </ClCompile>
    <ClCompile Include="22，括号生成.cpp">
      <Filter>源文件</Filter>
    </ClCompile>
    <ClCompile Include="23，合并K个升序链表.cpp">
      <Filter>源文件</Filter>
    </ClCompile>
    <ClCompile Include="24，两两交换链表中的节点.cpp">
      <Filter>源文件</Filter>
    </ClCompile>
    <ClCompile Include="25，K个一组反转链表.cpp">
      <Filter>源文件</Filter>
    </ClCompile>
    <ClCompile Include="28，找出字符串中第一个匹配项的下标.cpp">
      <Filter>源文件</Filter>
    </ClCompile>
    <ClCompile Include="29，两数相除.cpp">
      <Filter>源文件</Filter>
    </ClCompile>
    <ClCompile Include="30，串联所有单词的子串.cpp">
      <Filter>源文件</Filter>
    </ClCompile>
    <ClCompile Include="30，串联左右单词的子串_2.cpp">
      <Filter>源文件</Filter>
    </ClCompile>
  </ItemGroup>
</Project>